// !$*UTF8*$!
{
	archiveVersion = 1;
	classes = {
	};
	objectVersion = 56;
	objects = {

/* Begin PBXBuildFile section */
		FE4220442B2F10A100119236 /* OTStrongViewModel.swift in Sources */ = {isa = PBXBuildFile; fileRef = FE4220432B2F10A100119236 /* OTStrongViewModel.swift */; };
		FEB596A52B275E9200413C72 /* APIConsumeApp.swift in Sources */ = {isa = PBXBuildFile; fileRef = FEB596A42B275E9200413C72 /* APIConsumeApp.swift */; };
		FEB596A72B275E9200413C72 /* ContentView.swift in Sources */ = {isa = PBXBuildFile; fileRef = FEB596A62B275E9200413C72 /* ContentView.swift */; };
		FEB596A92B275E9300413C72 /* Assets.xcassets in Resources */ = {isa = PBXBuildFile; fileRef = FEB596A82B275E9300413C72 /* Assets.xcassets */; };
		FEB596AC2B275E9300413C72 /* Preview Assets.xcassets in Resources */ = {isa = PBXBuildFile; fileRef = FEB596AB2B275E9300413C72 /* Preview Assets.xcassets */; };
		FEB596B62B275E9300413C72 /* APIConsumeTests.swift in Sources */ = {isa = PBXBuildFile; fileRef = FEB596B52B275E9300413C72 /* APIConsumeTests.swift */; };
		FEB596C02B275E9300413C72 /* APIConsumeUITests.swift in Sources */ = {isa = PBXBuildFile; fileRef = FEB596BF2B275E9300413C72 /* APIConsumeUITests.swift */; };
		FEB596C22B275E9300413C72 /* APIConsumeUITestsLaunchTests.swift in Sources */ = {isa = PBXBuildFile; fileRef = FEB596C12B275E9300413C72 /* APIConsumeUITestsLaunchTests.swift */; };
		FEF1910C2B31F7A700F1A4C0 /* EndPoints.swift in Sources */ = {isa = PBXBuildFile; fileRef = FEF1910B2B31F7A700F1A4C0 /* EndPoints.swift */; };
		FEF1910F2B31FE6B00F1A4C0 /* CRUDBtns.swift in Sources */ = {isa = PBXBuildFile; fileRef = FEF1910E2B31FE6B00F1A4C0 /* CRUDBtns.swift */; };
		FEF191112B31FF2400F1A4C0 /* EndpointBtns.swift in Sources */ = {isa = PBXBuildFile; fileRef = FEF191102B31FF2400F1A4C0 /* EndpointBtns.swift */; };
		FEF191132B31FF8800F1A4C0 /* APIResponseView.swift in Sources */ = {isa = PBXBuildFile; fileRef = FEF191122B31FF8800F1A4C0 /* APIResponseView.swift */; };
/* End PBXBuildFile section */

/* Begin PBXContainerItemProxy section */
		FEB596B22B275E9300413C72 /* PBXContainerItemProxy */ = {
			isa = PBXContainerItemProxy;
			containerPortal = FEB596992B275E9200413C72 /* Project object */;
			proxyType = 1;
			remoteGlobalIDString = FEB596A02B275E9200413C72;
			remoteInfo = APIConsume;
		};
		FEB596BC2B275E9300413C72 /* PBXContainerItemProxy */ = {
			isa = PBXContainerItemProxy;
			containerPortal = FEB596992B275E9200413C72 /* Project object */;
			proxyType = 1;
			remoteGlobalIDString = FEB596A02B275E9200413C72;
			remoteInfo = APIConsume;
		};
/* End PBXContainerItemProxy section */

/* Begin PBXFileReference section */
		FE4220432B2F10A100119236 /* OTStrongViewModel.swift */ = {isa = PBXFileReference; lastKnownFileType = sourcecode.swift; path = OTStrongViewModel.swift; sourceTree = "<group>"; };
		FEB596A12B275E9200413C72 /* APIConsume.app */ = {isa = PBXFileReference; explicitFileType = wrapper.application; includeInIndex = 0; path = APIConsume.app; sourceTree = BUILT_PRODUCTS_DIR; };
		FEB596A42B275E9200413C72 /* APIConsumeApp.swift */ = {isa = PBXFileReference; lastKnownFileType = sourcecode.swift; path = APIConsumeApp.swift; sourceTree = "<group>"; };
		FEB596A62B275E9200413C72 /* ContentView.swift */ = {isa = PBXFileReference; lastKnownFileType = sourcecode.swift; path = ContentView.swift; sourceTree = "<group>"; };
		FEB596A82B275E9300413C72 /* Assets.xcassets */ = {isa = PBXFileReference; lastKnownFileType = folder.assetcatalog; path = Assets.xcassets; sourceTree = "<group>"; };
		FEB596AB2B275E9300413C72 /* Preview Assets.xcassets */ = {isa = PBXFileReference; lastKnownFileType = folder.assetcatalog; path = "Preview Assets.xcassets"; sourceTree = "<group>"; };
		FEB596B12B275E9300413C72 /* APIConsumeTests.xctest */ = {isa = PBXFileReference; explicitFileType = wrapper.cfbundle; includeInIndex = 0; path = APIConsumeTests.xctest; sourceTree = BUILT_PRODUCTS_DIR; };
		FEB596B52B275E9300413C72 /* APIConsumeTests.swift */ = {isa = PBXFileReference; lastKnownFileType = sourcecode.swift; path = APIConsumeTests.swift; sourceTree = "<group>"; };
		FEB596BB2B275E9300413C72 /* APIConsumeUITests.xctest */ = {isa = PBXFileReference; explicitFileType = wrapper.cfbundle; includeInIndex = 0; path = APIConsumeUITests.xctest; sourceTree = BUILT_PRODUCTS_DIR; };
		FEB596BF2B275E9300413C72 /* APIConsumeUITests.swift */ = {isa = PBXFileReference; lastKnownFileType = sourcecode.swift; path = APIConsumeUITests.swift; sourceTree = "<group>"; };
		FEB596C12B275E9300413C72 /* APIConsumeUITestsLaunchTests.swift */ = {isa = PBXFileReference; lastKnownFileType = sourcecode.swift; path = APIConsumeUITestsLaunchTests.swift; sourceTree = "<group>"; };
		FEF1910B2B31F7A700F1A4C0 /* EndPoints.swift */ = {isa = PBXFileReference; lastKnownFileType = sourcecode.swift; path = EndPoints.swift; sourceTree = "<group>"; };
		FEF1910E2B31FE6B00F1A4C0 /* CRUDBtns.swift */ = {isa = PBXFileReference; lastKnownFileType = sourcecode.swift; path = CRUDBtns.swift; sourceTree = "<group>"; };
		FEF191102B31FF2400F1A4C0 /* EndpointBtns.swift */ = {isa = PBXFileReference; lastKnownFileType = sourcecode.swift; path = EndpointBtns.swift; sourceTree = "<group>"; };
		FEF191122B31FF8800F1A4C0 /* APIResponseView.swift */ = {isa = PBXFileReference; lastKnownFileType = sourcecode.swift; path = APIResponseView.swift; sourceTree = "<group>"; };
/* End PBXFileReference section */

/* Begin PBXFrameworksBuildPhase section */
		FEB5969E2B275E9200413C72 /* Frameworks */ = {
			isa = PBXFrameworksBuildPhase;
			buildActionMask = 2147483647;
			files = (
			);
			runOnlyForDeploymentPostprocessing = 0;
		};
		FEB596AE2B275E9300413C72 /* Frameworks */ = {
			isa = PBXFrameworksBuildPhase;
			buildActionMask = 2147483647;
			files = (
			);
			runOnlyForDeploymentPostprocessing = 0;
		};
		FEB596B82B275E9300413C72 /* Frameworks */ = {
			isa = PBXFrameworksBuildPhase;
			buildActionMask = 2147483647;
			files = (
			);
			runOnlyForDeploymentPostprocessing = 0;
		};
/* End PBXFrameworksBuildPhase section */

/* Begin PBXGroup section */
		FEB596982B275E9200413C72 = {
			isa = PBXGroup;
			children = (
				FEB596A32B275E9200413C72 /* APIConsume */,
				FEB596B42B275E9300413C72 /* APIConsumeTests */,
				FEB596BE2B275E9300413C72 /* APIConsumeUITests */,
				FEB596A22B275E9200413C72 /* Products */,
			);
			sourceTree = "<group>";
		};
		FEB596A22B275E9200413C72 /* Products */ = {
			isa = PBXGroup;
			children = (
				FEB596A12B275E9200413C72 /* APIConsume.app */,
				FEB596B12B275E9300413C72 /* APIConsumeTests.xctest */,
				FEB596BB2B275E9300413C72 /* APIConsumeUITests.xctest */,
			);
			name = Products;
			sourceTree = "<group>";
		};
		FEB596A32B275E9200413C72 /* APIConsume */ = {
			isa = PBXGroup;
			children = (
				FEF1910D2B31FDA500F1A4C0 /* Views */,
				FEB596CF2B27608100413C72 /* ViewModel */,
				FEB596CE2B27604B00413C72 /* Model */,
				FEB596A42B275E9200413C72 /* APIConsumeApp.swift */,
				FEB596A62B275E9200413C72 /* ContentView.swift */,
				FEB596A82B275E9300413C72 /* Assets.xcassets */,
				FEB596AA2B275E9300413C72 /* Preview Content */,
			);
			path = APIConsume;
			sourceTree = "<group>";
		};
		FEB596AA2B275E9300413C72 /* Preview Content */ = {
			isa = PBXGroup;
			children = (
				FEB596AB2B275E9300413C72 /* Preview Assets.xcassets */,
			);
			path = "Preview Content";
			sourceTree = "<group>";
		};
		FEB596B42B275E9300413C72 /* APIConsumeTests */ = {
			isa = PBXGroup;
			children = (
				FEB596B52B275E9300413C72 /* APIConsumeTests.swift */,
			);
			path = APIConsumeTests;
			sourceTree = "<group>";
		};
		FEB596BE2B275E9300413C72 /* APIConsumeUITests */ = {
			isa = PBXGroup;
			children = (
				FEB596BF2B275E9300413C72 /* APIConsumeUITests.swift */,
				FEB596C12B275E9300413C72 /* APIConsumeUITestsLaunchTests.swift */,
			);
			path = APIConsumeUITests;
			sourceTree = "<group>";
		};
		FEB596CE2B27604B00413C72 /* Model */ = {
			isa = PBXGroup;
			children = (
				FEF1910B2B31F7A700F1A4C0 /* EndPoints.swift */,
			);
			path = Model;
			sourceTree = "<group>";
		};
		FEB596CF2B27608100413C72 /* ViewModel */ = {
			isa = PBXGroup;
			children = (
				FE4220432B2F10A100119236 /* OTStrongViewModel.swift */,
			);
			path = ViewModel;
			sourceTree = "<group>";
		};
		FEF1910D2B31FDA500F1A4C0 /* Views */ = {
			isa = PBXGroup;
			children = (
				FEF1910E2B31FE6B00F1A4C0 /* CRUDBtns.swift */,
				FEF191102B31FF2400F1A4C0 /* EndpointBtns.swift */,
				FEF191122B31FF8800F1A4C0 /* APIResponseView.swift */,
			);
			path = Views;
			sourceTree = "<group>";
		};
/* End PBXGroup section */

/* Begin PBXNativeTarget section */
		FEB596A02B275E9200413C72 /* APIConsume */ = {
			isa = PBXNativeTarget;
			buildConfigurationList = FEB596C52B275E9300413C72 /* Build configuration list for PBXNativeTarget "APIConsume" */;
			buildPhases = (
				FEB5969D2B275E9200413C72 /* Sources */,
				FEB5969E2B275E9200413C72 /* Frameworks */,
				FEB5969F2B275E9200413C72 /* Resources */,
			);
			buildRules = (
			);
			dependencies = (
			);
			name = APIConsume;
			productName = APIConsume;
			productReference = FEB596A12B275E9200413C72 /* APIConsume.app */;
			productType = "com.apple.product-type.application";
		};
		FEB596B02B275E9300413C72 /* APIConsumeTests */ = {
			isa = PBXNativeTarget;
			buildConfigurationList = FEB596C82B275E9300413C72 /* Build configuration list for PBXNativeTarget "APIConsumeTests" */;
			buildPhases = (
				FEB596AD2B275E9300413C72 /* Sources */,
				FEB596AE2B275E9300413C72 /* Frameworks */,
				FEB596AF2B275E9300413C72 /* Resources */,
			);
			buildRules = (
			);
			dependencies = (
				FEB596B32B275E9300413C72 /* PBXTargetDependency */,
			);
			name = APIConsumeTests;
			productName = APIConsumeTests;
			productReference = FEB596B12B275E9300413C72 /* APIConsumeTests.xctest */;
			productType = "com.apple.product-type.bundle.unit-test";
		};
		FEB596BA2B275E9300413C72 /* APIConsumeUITests */ = {
			isa = PBXNativeTarget;
			buildConfigurationList = FEB596CB2B275E9300413C72 /* Build configuration list for PBXNativeTarget "APIConsumeUITests" */;
			buildPhases = (
				FEB596B72B275E9300413C72 /* Sources */,
				FEB596B82B275E9300413C72 /* Frameworks */,
				FEB596B92B275E9300413C72 /* Resources */,
			);
			buildRules = (
			);
			dependencies = (
				FEB596BD2B275E9300413C72 /* PBXTargetDependency */,
			);
			name = APIConsumeUITests;
			productName = APIConsumeUITests;
			productReference = FEB596BB2B275E9300413C72 /* APIConsumeUITests.xctest */;
			productType = "com.apple.product-type.bundle.ui-testing";
		};
/* End PBXNativeTarget section */

/* Begin PBXProject section */
		FEB596992B275E9200413C72 /* Project object */ = {
			isa = PBXProject;
			attributes = {
				BuildIndependentTargetsInParallel = 1;
				LastSwiftUpdateCheck = 1500;
				LastUpgradeCheck = 1500;
				TargetAttributes = {
					FEB596A02B275E9200413C72 = {
						CreatedOnToolsVersion = 15.0.1;
					};
					FEB596B02B275E9300413C72 = {
						CreatedOnToolsVersion = 15.0.1;
						TestTargetID = FEB596A02B275E9200413C72;
					};
					FEB596BA2B275E9300413C72 = {
						CreatedOnToolsVersion = 15.0.1;
						TestTargetID = FEB596A02B275E9200413C72;
					};
				};
			};
			buildConfigurationList = FEB5969C2B275E9200413C72 /* Build configuration list for PBXProject "APIConsume" */;
			compatibilityVersion = "Xcode 14.0";
			developmentRegion = en;
			hasScannedForEncodings = 0;
			knownRegions = (
				en,
				Base,
			);
			mainGroup = FEB596982B275E9200413C72;
			productRefGroup = FEB596A22B275E9200413C72 /* Products */;
			projectDirPath = "";
			projectRoot = "";
			targets = (
				FEB596A02B275E9200413C72 /* APIConsume */,
				FEB596B02B275E9300413C72 /* APIConsumeTests */,
				FEB596BA2B275E9300413C72 /* APIConsumeUITests */,
			);
		};
/* End PBXProject section */

/* Begin PBXResourcesBuildPhase section */
		FEB5969F2B275E9200413C72 /* Resources */ = {
			isa = PBXResourcesBuildPhase;
			buildActionMask = 2147483647;
			files = (
				FEB596AC2B275E9300413C72 /* Preview Assets.xcassets in Resources */,
				FEB596A92B275E9300413C72 /* Assets.xcassets in Resources */,
			);
			runOnlyForDeploymentPostprocessing = 0;
		};
		FEB596AF2B275E9300413C72 /* Resources */ = {
			isa = PBXResourcesBuildPhase;
			buildActionMask = 2147483647;
			files = (
			);
			runOnlyForDeploymentPostprocessing = 0;
		};
		FEB596B92B275E9300413C72 /* Resources */ = {
			isa = PBXResourcesBuildPhase;
			buildActionMask = 2147483647;
			files = (
			);
			runOnlyForDeploymentPostprocessing = 0;
		};
/* End PBXResourcesBuildPhase section */

/* Begin PBXSourcesBuildPhase section */
		FEB5969D2B275E9200413C72 /* Sources */ = {
			isa = PBXSourcesBuildPhase;
			buildActionMask = 2147483647;
			files = (
				FEB596A72B275E9200413C72 /* ContentView.swift in Sources */,
				FEB596A52B275E9200413C72 /* APIConsumeApp.swift in Sources */,
				FEF1910F2B31FE6B00F1A4C0 /* CRUDBtns.swift in Sources */,
				FEF191132B31FF8800F1A4C0 /* APIResponseView.swift in Sources */,
				FEF191112B31FF2400F1A4C0 /* EndpointBtns.swift in Sources */,
				FEF1910C2B31F7A700F1A4C0 /* EndPoints.swift in Sources */,
				FE4220442B2F10A100119236 /* OTStrongViewModel.swift in Sources */,
			);
			runOnlyForDeploymentPostprocessing = 0;
		};
		FEB596AD2B275E9300413C72 /* Sources */ = {
			isa = PBXSourcesBuildPhase;
			buildActionMask = 2147483647;
			files = (
				FEB596B62B275E9300413C72 /* APIConsumeTests.swift in Sources */,
			);
			runOnlyForDeploymentPostprocessing = 0;
		};
		FEB596B72B275E9300413C72 /* Sources */ = {
			isa = PBXSourcesBuildPhase;
			buildActionMask = 2147483647;
			files = (
				FEB596C22B275E9300413C72 /* APIConsumeUITestsLaunchTests.swift in Sources */,
				FEB596C02B275E9300413C72 /* APIConsumeUITests.swift in Sources */,
			);
			runOnlyForDeploymentPostprocessing = 0;
		};
/* End PBXSourcesBuildPhase section */

/* Begin PBXTargetDependency section */
		FEB596B32B275E9300413C72 /* PBXTargetDependency */ = {
			isa = PBXTargetDependency;
			target = FEB596A02B275E9200413C72 /* APIConsume */;
			targetProxy = FEB596B22B275E9300413C72 /* PBXContainerItemProxy */;
		};
		FEB596BD2B275E9300413C72 /* PBXTargetDependency */ = {
			isa = PBXTargetDependency;
			target = FEB596A02B275E9200413C72 /* APIConsume */;
			targetProxy = FEB596BC2B275E9300413C72 /* PBXContainerItemProxy */;
		};
/* End PBXTargetDependency section */

/* Begin XCBuildConfiguration section */
		FEB596C32B275E9300413C72 /* Debug */ = {
			isa = XCBuildConfiguration;
			buildSettings = {
				ALWAYS_SEARCH_USER_PATHS = NO;
				ASSETCATALOG_COMPILER_GENERATE_SWIFT_ASSET_SYMBOL_EXTENSIONS = YES;
				CLANG_ANALYZER_NONNULL = YES;
				CLANG_ANALYZER_NUMBER_OBJECT_CONVERSION = YES_AGGRESSIVE;
				CLANG_CXX_LANGUAGE_STANDARD = "gnu++20";
				CLANG_ENABLE_MODULES = YES;
				CLANG_ENABLE_OBJC_ARC = YES;
				CLANG_ENABLE_OBJC_WEAK = YES;
				CLANG_WARN_BLOCK_CAPTURE_AUTORELEASING = YES;
				CLANG_WARN_BOOL_CONVERSION = YES;
				CLANG_WARN_COMMA = YES;
				CLANG_WARN_CONSTANT_CONVERSION = YES;
				CLANG_WARN_DEPRECATED_OBJC_IMPLEMENTATIONS = YES;
				CLANG_WARN_DIRECT_OBJC_ISA_USAGE = YES_ERROR;
				CLANG_WARN_DOCUMENTATION_COMMENTS = YES;
				CLANG_WARN_EMPTY_BODY = YES;
				CLANG_WARN_ENUM_CONVERSION = YES;
				CLANG_WARN_INFINITE_RECURSION = YES;
				CLANG_WARN_INT_CONVERSION = YES;
				CLANG_WARN_NON_LITERAL_NULL_CONVERSION = YES;
				CLANG_WARN_OBJC_IMPLICIT_RETAIN_SELF = YES;
				CLANG_WARN_OBJC_LITERAL_CONVERSION = YES;
				CLANG_WARN_OBJC_ROOT_CLASS = YES_ERROR;
				CLANG_WARN_QUOTED_INCLUDE_IN_FRAMEWORK_HEADER = YES;
				CLANG_WARN_RANGE_LOOP_ANALYSIS = YES;
				CLANG_WARN_STRICT_PROTOTYPES = YES;
				CLANG_WARN_SUSPICIOUS_MOVE = YES;
				CLANG_WARN_UNGUARDED_AVAILABILITY = YES_AGGRESSIVE;
				CLANG_WARN_UNREACHABLE_CODE = YES;
				CLANG_WARN__DUPLICATE_METHOD_MATCH = YES;
				COPY_PHASE_STRIP = NO;
				DEBUG_INFORMATION_FORMAT = dwarf;
				ENABLE_STRICT_OBJC_MSGSEND = YES;
				ENABLE_TESTABILITY = YES;
				ENABLE_USER_SCRIPT_SANDBOXING = YES;
				GCC_C_LANGUAGE_STANDARD = gnu17;
				GCC_DYNAMIC_NO_PIC = NO;
				GCC_NO_COMMON_BLOCKS = YES;
				GCC_OPTIMIZATION_LEVEL = 0;
				GCC_PREPROCESSOR_DEFINITIONS = (
					"DEBUG=1",
					"$(inherited)",
				);
				GCC_WARN_64_TO_32_BIT_CONVERSION = YES;
				GCC_WARN_ABOUT_RETURN_TYPE = YES_ERROR;
				GCC_WARN_UNDECLARED_SELECTOR = YES;
				GCC_WARN_UNINITIALIZED_AUTOS = YES_AGGRESSIVE;
				GCC_WARN_UNUSED_FUNCTION = YES;
				GCC_WARN_UNUSED_VARIABLE = YES;
				IPHONEOS_DEPLOYMENT_TARGET = 17.0;
				LOCALIZATION_PREFERS_STRING_CATALOGS = YES;
				MTL_ENABLE_DEBUG_INFO = INCLUDE_SOURCE;
				MTL_FAST_MATH = YES;
				ONLY_ACTIVE_ARCH = YES;
				SDKROOT = iphoneos;
				SWIFT_ACTIVE_COMPILATION_CONDITIONS = "DEBUG $(inherited)";
				SWIFT_OPTIMIZATION_LEVEL = "-Onone";
			};
			name = Debug;
		};
		FEB596C42B275E9300413C72 /* Release */ = {
			isa = XCBuildConfiguration;
			buildSettings = {
				ALWAYS_SEARCH_USER_PATHS = NO;
				ASSETCATALOG_COMPILER_GENERATE_SWIFT_ASSET_SYMBOL_EXTENSIONS = YES;
				CLANG_ANALYZER_NONNULL = YES;
				CLANG_ANALYZER_NUMBER_OBJECT_CONVERSION = YES_AGGRESSIVE;
				CLANG_CXX_LANGUAGE_STANDARD = "gnu++20";
				CLANG_ENABLE_MODULES = YES;
				CLANG_ENABLE_OBJC_ARC = YES;
				CLANG_ENABLE_OBJC_WEAK = YES;
				CLANG_WARN_BLOCK_CAPTURE_AUTORELEASING = YES;
				CLANG_WARN_BOOL_CONVERSION = YES;
				CLANG_WARN_COMMA = YES;
				CLANG_WARN_CONSTANT_CONVERSION = YES;
				CLANG_WARN_DEPRECATED_OBJC_IMPLEMENTATIONS = YES;
				CLANG_WARN_DIRECT_OBJC_ISA_USAGE = YES_ERROR;
				CLANG_WARN_DOCUMENTATION_COMMENTS = YES;
				CLANG_WARN_EMPTY_BODY = YES;
				CLANG_WARN_ENUM_CONVERSION = YES;
				CLANG_WARN_INFINITE_RECURSION = YES;
				CLANG_WARN_INT_CONVERSION = YES;
				CLANG_WARN_NON_LITERAL_NULL_CONVERSION = YES;
				CLANG_WARN_OBJC_IMPLICIT_RETAIN_SELF = YES;
				CLANG_WARN_OBJC_LITERAL_CONVERSION = YES;
				CLANG_WARN_OBJC_ROOT_CLASS = YES_ERROR;
				CLANG_WARN_QUOTED_INCLUDE_IN_FRAMEWORK_HEADER = YES;
				CLANG_WARN_RANGE_LOOP_ANALYSIS = YES;
				CLANG_WARN_STRICT_PROTOTYPES = YES;
				CLANG_WARN_SUSPICIOUS_MOVE = YES;
				CLANG_WARN_UNGUARDED_AVAILABILITY = YES_AGGRESSIVE;
				CLANG_WARN_UNREACHABLE_CODE = YES;
				CLANG_WARN__DUPLICATE_METHOD_MATCH = YES;
				COPY_PHASE_STRIP = NO;
				DEBUG_INFORMATION_FORMAT = "dwarf-with-dsym";
				ENABLE_NS_ASSERTIONS = NO;
				ENABLE_STRICT_OBJC_MSGSEND = YES;
				ENABLE_USER_SCRIPT_SANDBOXING = YES;
				GCC_C_LANGUAGE_STANDARD = gnu17;
				GCC_NO_COMMON_BLOCKS = YES;
				GCC_WARN_64_TO_32_BIT_CONVERSION = YES;
				GCC_WARN_ABOUT_RETURN_TYPE = YES_ERROR;
				GCC_WARN_UNDECLARED_SELECTOR = YES;
				GCC_WARN_UNINITIALIZED_AUTOS = YES_AGGRESSIVE;
				GCC_WARN_UNUSED_FUNCTION = YES;
				GCC_WARN_UNUSED_VARIABLE = YES;
				IPHONEOS_DEPLOYMENT_TARGET = 17.0;
				LOCALIZATION_PREFERS_STRING_CATALOGS = YES;
				MTL_ENABLE_DEBUG_INFO = NO;
				MTL_FAST_MATH = YES;
				SDKROOT = iphoneos;
				SWIFT_COMPILATION_MODE = wholemodule;
				VALIDATE_PRODUCT = YES;
			};
			name = Release;
		};
		FEB596C62B275E9300413C72 /* Debug */ = {
			isa = XCBuildConfiguration;
			buildSettings = {
				ASSETCATALOG_COMPILER_APPICON_NAME = AppIcon;
				ASSETCATALOG_COMPILER_GLOBAL_ACCENT_COLOR_NAME = AccentColor;
				CODE_SIGN_STYLE = Automatic;
				CURRENT_PROJECT_VERSION = 1;
				DEVELOPMENT_ASSET_PATHS = "\"APIConsume/Preview Content\"";
				ENABLE_PREVIEWS = YES;
				GENERATE_INFOPLIST_FILE = YES;
				INFOPLIST_KEY_UIApplicationSceneManifest_Generation = YES;
				INFOPLIST_KEY_UIApplicationSupportsIndirectInputEvents = YES;
				INFOPLIST_KEY_UILaunchScreen_Generation = YES;
				INFOPLIST_KEY_UISupportedInterfaceOrientations_iPad = "UIInterfaceOrientationPortrait UIInterfaceOrientationPortraitUpsideDown UIInterfaceOrientationLandscapeLeft UIInterfaceOrientationLandscapeRight";
				INFOPLIST_KEY_UISupportedInterfaceOrientations_iPhone = "UIInterfaceOrientationPortrait UIInterfaceOrientationLandscapeLeft UIInterfaceOrientationLandscapeRight";
				LD_RUNPATH_SEARCH_PATHS = (
					"$(inherited)",
					"@executable_path/Frameworks",
				);
				MARKETING_VERSION = 1.0;
				PRODUCT_BUNDLE_IDENTIFIER = com.rhiz0m.APIConsume;
				PRODUCT_NAME = "$(TARGET_NAME)";
				SWIFT_EMIT_LOC_STRINGS = YES;
				SWIFT_VERSION = 5.0;
				TARGETED_DEVICE_FAMILY = "1,2";
			};
			name = Debug;
		};
		FEB596C72B275E9300413C72 /* Release */ = {
			isa = XCBuildConfiguration;
			buildSettings = {
				ASSETCATALOG_COMPILER_APPICON_NAME = AppIcon;
				ASSETCATALOG_COMPILER_GLOBAL_ACCENT_COLOR_NAME = AccentColor;
				CODE_SIGN_STYLE = Automatic;
				CURRENT_PROJECT_VERSION = 1;
				DEVELOPMENT_ASSET_PATHS = "\"APIConsume/Preview Content\"";
				ENABLE_PREVIEWS = YES;
				GENERATE_INFOPLIST_FILE = YES;
				INFOPLIST_KEY_UIApplicationSceneManifest_Generation = YES;
				INFOPLIST_KEY_UIApplicationSupportsIndirectInputEvents = YES;
				INFOPLIST_KEY_UILaunchScreen_Generation = YES;
				INFOPLIST_KEY_UISupportedInterfaceOrientations_iPad = "UIInterfaceOrientationPortrait UIInterfaceOrientationPortraitUpsideDown UIInterfaceOrientationLandscapeLeft UIInterfaceOrientationLandscapeRight";
				INFOPLIST_KEY_UISupportedInterfaceOrientations_iPhone = "UIInterfaceOrientationPortrait UIInterfaceOrientationLandscapeLeft UIInterfaceOrientationLandscapeRight";
				LD_RUNPATH_SEARCH_PATHS = (
					"$(inherited)",
					"@executable_path/Frameworks",
				);
				MARKETING_VERSION = 1.0;
				PRODUCT_BUNDLE_IDENTIFIER = com.rhiz0m.APIConsume;
				PRODUCT_NAME = "$(TARGET_NAME)";
				SWIFT_EMIT_LOC_STRINGS = YES;
				SWIFT_VERSION = 5.0;
				TARGETED_DEVICE_FAMILY = "1,2";
			};
			name = Release;
		};
		FEB596C92B275E9300413C72 /* Debug */ = {
			isa = XCBuildConfiguration;
			buildSettings = {
				ALWAYS_EMBED_SWIFT_STANDARD_LIBRARIES = YES;
				BUNDLE_LOADER = "$(TEST_HOST)";
				CODE_SIGN_STYLE = Automatic;
				CURRENT_PROJECT_VERSION = 1;
				GENERATE_INFOPLIST_FILE = YES;
				IPHONEOS_DEPLOYMENT_TARGET = 17.0;
				MARKETING_VERSION = 1.0;
				PRODUCT_BUNDLE_IDENTIFIER = com.rhiz0m.APIConsumeTests;
				PRODUCT_NAME = "$(TARGET_NAME)";
				SWIFT_EMIT_LOC_STRINGS = NO;
				SWIFT_VERSION = 5.0;
				TARGETED_DEVICE_FAMILY = "1,2";
				TEST_HOST = "$(BUILT_PRODUCTS_DIR)/APIConsume.app/$(BUNDLE_EXECUTABLE_FOLDER_PATH)/APIConsume";
			};
			name = Debug;
		};
		FEB596CA2B275E9300413C72 /* Release */ = {
			isa = XCBuildConfiguration;
			buildSettings = {
				ALWAYS_EMBED_SWIFT_STANDARD_LIBRARIES = YES;
				BUNDLE_LOADER = "$(TEST_HOST)";
				CODE_SIGN_STYLE = Automatic;
				CURRENT_PROJECT_VERSION = 1;
				GENERATE_INFOPLIST_FILE = YES;
				IPHONEOS_DEPLOYMENT_TARGET = 17.0;
				MARKETING_VERSION = 1.0;
				PRODUCT_BUNDLE_IDENTIFIER = com.rhiz0m.APIConsumeTests;
				PRODUCT_NAME = "$(TARGET_NAME)";
				SWIFT_EMIT_LOC_STRINGS = NO;
				SWIFT_VERSION = 5.0;
				TARGETED_DEVICE_FAMILY = "1,2";
				TEST_HOST = "$(BUILT_PRODUCTS_DIR)/APIConsume.app/$(BUNDLE_EXECUTABLE_FOLDER_PATH)/APIConsume";
			};
			name = Release;
		};
		FEB596CC2B275E9300413C72 /* Debug */ = {
			isa = XCBuildConfiguration;
			buildSettings = {
				ALWAYS_EMBED_SWIFT_STANDARD_LIBRARIES = YES;
				CODE_SIGN_STYLE = Automatic;
				CURRENT_PROJECT_VERSION = 1;
				GENERATE_INFOPLIST_FILE = YES;
				MARKETING_VERSION = 1.0;
				PRODUCT_BUNDLE_IDENTIFIER = com.rhiz0m.APIConsumeUITests;
				PRODUCT_NAME = "$(TARGET_NAME)";
				SWIFT_EMIT_LOC_STRINGS = NO;
				SWIFT_VERSION = 5.0;
				TARGETED_DEVICE_FAMILY = "1,2";
				TEST_TARGET_NAME = APIConsume;
			};
			name = Debug;
		};
		FEB596CD2B275E9300413C72 /* Release */ = {
			isa = XCBuildConfiguration;
			buildSettings = {
				ALWAYS_EMBED_SWIFT_STANDARD_LIBRARIES = YES;
				CODE_SIGN_STYLE = Automatic;
				CURRENT_PROJECT_VERSION = 1;
				GENERATE_INFOPLIST_FILE = YES;
				MARKETING_VERSION = 1.0;
				PRODUCT_BUNDLE_IDENTIFIER = com.rhiz0m.APIConsumeUITests;
				PRODUCT_NAME = "$(TARGET_NAME)";
				SWIFT_EMIT_LOC_STRINGS = NO;
				SWIFT_VERSION = 5.0;
				TARGETED_DEVICE_FAMILY = "1,2";
				TEST_TARGET_NAME = APIConsume;
			};
			name = Release;
		};
/* End XCBuildConfiguration section */

/* Begin XCConfigurationList section */
		FEB5969C2B275E9200413C72 /* Build configuration list for PBXProject "APIConsume" */ = {
			isa = XCConfigurationList;
			buildConfigurations = (
				FEB596C32B275E9300413C72 /* Debug */,
				FEB596C42B275E9300413C72 /* Release */,
			);
			defaultConfigurationIsVisible = 0;
			defaultConfigurationName = Release;
		};
		FEB596C52B275E9300413C72 /* Build configuration list for PBXNativeTarget "APIConsume" */ = {
			isa = XCConfigurationList;
			buildConfigurations = (
				FEB596C62B275E9300413C72 /* Debug */,
				FEB596C72B275E9300413C72 /* Release */,
			);
			defaultConfigurationIsVisible = 0;
			defaultConfigurationName = Release;
		};
		FEB596C82B275E9300413C72 /* Build configuration list for PBXNativeTarget "APIConsumeTests" */ = {
			isa = XCConfigurationList;
			buildConfigurations = (
				FEB596C92B275E9300413C72 /* Debug */,
				FEB596CA2B275E9300413C72 /* Release */,
			);
			defaultConfigurationIsVisible = 0;
			defaultConfigurationName = Release;
		};
		FEB596CB2B275E9300413C72 /* Build configuration list for PBXNativeTarget "APIConsumeUITests" */ = {
			isa = XCConfigurationList;
			buildConfigurations = (
				FEB596CC2B275E9300413C72 /* Debug */,
				FEB596CD2B275E9300413C72 /* Release */,
			);
			defaultConfigurationIsVisible = 0;
			defaultConfigurationName = Release;
		};
/* End XCConfigurationList section */
	};
	rootObject = FEB596992B275E9200413C72 /* Project object */;
}
